
Microsoft Visual Studio Solution File, Format Version 12.00
# Visual Studio 15
VisualStudioVersion = 15.0.28307.421
MinimumVisualStudioVersion = 10.0.40219.1
Project("{FAE04EC0-301F-11D3-BF4B-00C04F79EFBC}") = "Trial for switching screens", "Trial for switching screens\Trial for switching screens.csproj", "{8767DB1F-6AE3-4309-8B8A-16B9264FB23B}"
EndProject
Global
	GlobalSection(SolutionConfigurationPlatforms) = preSolution
		Debug|Any CPU = Debug|Any CPU
		Release|Any CPU = Release|Any CPU
	EndGlobalSection
	GlobalSection(ProjectConfigurationPlatforms) = postSolution
		{8767DB1F-6AE3-4309-8B8A-16B9264FB23B}.Debug|Any CPU.ActiveCfg = Debug|Any CPU
		{8767DB1F-6AE3-4309-8B8A-16B9264FB23B}.Debug|Any CPU.Build.0 = Debug|Any CPU
		{8767DB1F-6AE3-4309-8B8A-16B9264FB23B}.Release|Any CPU.ActiveCfg = Release|Any CPU
		{8767DB1F-6AE3-4309-8B8A-16B9264FB23B}.Release|Any CPU.Build.0 = Release|Any CPU
	EndGlobalSection
	GlobalSection(SolutionProperties) = preSolution
		HideSolutionNode = FALSE
	EndGlobalSection
	GlobalSection(ExtensibilityGlobals) = postSolution
		SolutionGuid = {C30200BD-B3E9-4AF7-85EB-FEED825BD23E}
	EndGlobalSection
EndGlobal
